<?xml version="1.0" encoding="utf-8"?>
<Project ToolsVersion="4.0" xmlns="http://schemas.microsoft.com/developer/msbuild/2003">
  <ItemGroup>
    <Filter Include="code">
      <UniqueIdentifier>{d2e0d8b8-f103-4ed5-a8d4-a60cd7247a90}</UniqueIdentifier>
    </Filter>
    <Filter Include="code\precompiled">
      <UniqueIdentifier>{dfd590c7-8f54-4e84-b6c3-0557250c1a75}</UniqueIdentifier>
    </Filter>
    <Filter Include="code\genetic">
      <UniqueIdentifier>{5d938c96-9314-48d8-bf7c-acc11c15d538}</UniqueIdentifier>
    </Filter>
    <Filter Include="code\twister">
      <UniqueIdentifier>{5ed7033a-cbcf-4ab9-9c26-41411de54a67}</UniqueIdentifier>
    </Filter>
    <Filter Include="code\helper">
      <UniqueIdentifier>{e8b55c2f-56fc-42ed-a0ca-df0bc80fd736}</UniqueIdentifier>
    </Filter>
    <Filter Include="code\cuda">
      <UniqueIdentifier>{4a9892ea-03e5-4a54-a128-4e9e0a83efbd}</UniqueIdentifier>
    </Filter>
    <Filter Include="code\cuda\kernels">
      <UniqueIdentifier>{a8443936-3ab2-43e3-b9a1-37ff6cc8a605}</UniqueIdentifier>
    </Filter>
  </ItemGroup>
  <ItemGroup>
    <CudaCompile Include="kernel.cu">
      <Filter>code\cuda\kernels</Filter>
    </CudaCompile>
  </ItemGroup>
  <ItemGroup>
    <ClCompile Include="main.cpp">
      <Filter>code</Filter>
    </ClCompile>
    <ClCompile Include="StdAfx.cpp">
      <Filter>code\precompiled</Filter>
    </ClCompile>
    <ClCompile Include="framework.cpp">
      <Filter>code</Filter>
    </ClCompile>
    <ClCompile Include="mtrand.cpp">
      <Filter>code\twister</Filter>
    </ClCompile>
    <ClCompile Include="settings.cpp">
      <Filter>code\helper</Filter>
    </ClCompile>
    <ClCompile Include="tools.cpp">
      <Filter>code\helper</Filter>
    </ClCompile>
    <ClCompile Include="dnaTriangle.cpp">
      <Filter>code\genetic</Filter>
    </ClCompile>
    <ClCompile Include="dnaStrain.cpp">
      <Filter>code\genetic</Filter>
    </ClCompile>
    <ClCompile Include="dnaPoint.cpp">
      <Filter>code\genetic</Filter>
    </ClCompile>
    <ClCompile Include="dnaGeneration.cpp">
      <Filter>code\genetic</Filter>
    </ClCompile>
    <ClCompile Include="dnaColor.cpp">
      <Filter>code\genetic</Filter>
    </ClCompile>
  </ItemGroup>
  <ItemGroup>
    <ClInclude Include="StdAfx.h">
      <Filter>code\precompiled</Filter>
    </ClInclude>
    <ClInclude Include="framework.h">
      <Filter>code</Filter>
    </ClInclude>
    <ClInclude Include="dnaTriangle.h">
      <Filter>code\genetic</Filter>
    </ClInclude>
    <ClInclude Include="dnaPoint.h">
      <Filter>code\genetic</Filter>
    </ClInclude>
    <ClInclude Include="dnaColor.h">
      <Filter>code\genetic</Filter>
    </ClInclude>
    <ClInclude Include="mtrand.h">
      <Filter>code\twister</Filter>
    </ClInclude>
    <ClInclude Include="tools.h">
      <Filter>code\helper</Filter>
    </ClInclude>
    <ClInclude Include="settings.h">
      <Filter>code\helper</Filter>
    </ClInclude>
    <ClInclude Include="dnaGeneration.h">
      <Filter>code\genetic</Filter>
    </ClInclude>
    <ClInclude Include="dnaStrain.h">
      <Filter>code\genetic</Filter>
    </ClInclude>
    <ClInclude Include="cudaProcess.h">
      <Filter>code</Filter>
    </ClInclude>
  </ItemGroup>
</Project>